
Microsoft Visual Studio Solution File, Format Version 12.00
# Visual Studio Version 17
VisualStudioVersion = 17.6.33723.286
MinimumVisualStudioVersion = 10.0.40219.1
Project("{FAE04EC0-301F-11D3-BF4B-00C04F79EFBC}") = "LinkedListCodeImplementation", "LinkedListCodeImplementation.csproj", "{C47EB887-C1FC-4A5C-A93B-A8D02B6701A9}"
EndProject
Project("{FAE04EC0-301F-11D3-BF4B-00C04F79EFBC}") = "LinkedListTestImplementation", "..\LinkedListTestImplementation\LinkedListTestImplementation.csproj", "{C6925054-7570-40C4-840D-C4C58805C2AB}"
EndProject
Global
	GlobalSection(SolutionConfigurationPlatforms) = preSolution
		Debug|Any CPU = Debug|Any CPU
		Release|Any CPU = Release|Any CPU
	EndGlobalSection
	GlobalSection(ProjectConfigurationPlatforms) = postSolution
		{C47EB887-C1FC-4A5C-A93B-A8D02B6701A9}.Debug|Any CPU.ActiveCfg = Debug|Any CPU
		{C47EB887-C1FC-4A5C-A93B-A8D02B6701A9}.Debug|Any CPU.Build.0 = Debug|Any CPU
		{C47EB887-C1FC-4A5C-A93B-A8D02B6701A9}.Release|Any CPU.ActiveCfg = Release|Any CPU
		{C47EB887-C1FC-4A5C-A93B-A8D02B6701A9}.Release|Any CPU.Build.0 = Release|Any CPU
		{C6925054-7570-40C4-840D-C4C58805C2AB}.Debug|Any CPU.ActiveCfg = Debug|Any CPU
		{C6925054-7570-40C4-840D-C4C58805C2AB}.Debug|Any CPU.Build.0 = Debug|Any CPU
		{C6925054-7570-40C4-840D-C4C58805C2AB}.Release|Any CPU.ActiveCfg = Release|Any CPU
		{C6925054-7570-40C4-840D-C4C58805C2AB}.Release|Any CPU.Build.0 = Release|Any CPU
	EndGlobalSection
	GlobalSection(SolutionProperties) = preSolution
		HideSolutionNode = FALSE
	EndGlobalSection
	GlobalSection(ExtensibilityGlobals) = postSolution
		SolutionGuid = {695EE114-EB8F-40E7-9B39-44191183576C}
	EndGlobalSection
EndGlobal
