
Microsoft Visual Studio Solution File, Format Version 12.00
# Visual Studio Version 17
VisualStudioVersion = 17.6.33723.286
MinimumVisualStudioVersion = 10.0.40219.1
Project("{FAE04EC0-301F-11D3-BF4B-00C04F79EFBC}") = "HashTablesCode", "HashTablesCode.csproj", "{2C7DE3CA-7CA1-449D-8AF9-A6C86640A143}"
EndProject
Project("{FAE04EC0-301F-11D3-BF4B-00C04F79EFBC}") = "TestProject1", "..\TestProject1\TestProject1.csproj", "{167639A2-BDD8-4E59-BC55-4A5B26DBE7F9}"
EndProject
Global
	GlobalSection(SolutionConfigurationPlatforms) = preSolution
		Debug|Any CPU = Debug|Any CPU
		Release|Any CPU = Release|Any CPU
	EndGlobalSection
	GlobalSection(ProjectConfigurationPlatforms) = postSolution
		{2C7DE3CA-7CA1-449D-8AF9-A6C86640A143}.Debug|Any CPU.ActiveCfg = Debug|Any CPU
		{2C7DE3CA-7CA1-449D-8AF9-A6C86640A143}.Debug|Any CPU.Build.0 = Debug|Any CPU
		{2C7DE3CA-7CA1-449D-8AF9-A6C86640A143}.Release|Any CPU.ActiveCfg = Release|Any CPU
		{2C7DE3CA-7CA1-449D-8AF9-A6C86640A143}.Release|Any CPU.Build.0 = Release|Any CPU
		{167639A2-BDD8-4E59-BC55-4A5B26DBE7F9}.Debug|Any CPU.ActiveCfg = Debug|Any CPU
		{167639A2-BDD8-4E59-BC55-4A5B26DBE7F9}.Debug|Any CPU.Build.0 = Debug|Any CPU
		{167639A2-BDD8-4E59-BC55-4A5B26DBE7F9}.Release|Any CPU.ActiveCfg = Release|Any CPU
		{167639A2-BDD8-4E59-BC55-4A5B26DBE7F9}.Release|Any CPU.Build.0 = Release|Any CPU
	EndGlobalSection
	GlobalSection(SolutionProperties) = preSolution
		HideSolutionNode = FALSE
	EndGlobalSection
	GlobalSection(ExtensibilityGlobals) = postSolution
		SolutionGuid = {1214BC96-EA05-4200-826C-4E3B3A36E75A}
	EndGlobalSection
EndGlobal
