
Microsoft Visual Studio Solution File, Format Version 12.00
# Visual Studio Version 17
VisualStudioVersion = 17.6.33723.286
MinimumVisualStudioVersion = 10.0.40219.1
Project("{FAE04EC0-301F-11D3-BF4B-00C04F79EFBC}") = "TreeIntersectionCode", "TreeIntersectionCode.csproj", "{32825F26-3A74-44B4-816A-BDF964450889}"
EndProject
Project("{FAE04EC0-301F-11D3-BF4B-00C04F79EFBC}") = "TreeIntersectionTest", "..\TreeIntersectionTest\TreeIntersectionTest.csproj", "{F142B28A-386C-4190-A18E-9D68BF0208F0}"
EndProject
Global
	GlobalSection(SolutionConfigurationPlatforms) = preSolution
		Debug|Any CPU = Debug|Any CPU
		Release|Any CPU = Release|Any CPU
	EndGlobalSection
	GlobalSection(ProjectConfigurationPlatforms) = postSolution
		{32825F26-3A74-44B4-816A-BDF964450889}.Debug|Any CPU.ActiveCfg = Debug|Any CPU
		{32825F26-3A74-44B4-816A-BDF964450889}.Debug|Any CPU.Build.0 = Debug|Any CPU
		{32825F26-3A74-44B4-816A-BDF964450889}.Release|Any CPU.ActiveCfg = Release|Any CPU
		{32825F26-3A74-44B4-816A-BDF964450889}.Release|Any CPU.Build.0 = Release|Any CPU
		{F142B28A-386C-4190-A18E-9D68BF0208F0}.Debug|Any CPU.ActiveCfg = Debug|Any CPU
		{F142B28A-386C-4190-A18E-9D68BF0208F0}.Debug|Any CPU.Build.0 = Debug|Any CPU
		{F142B28A-386C-4190-A18E-9D68BF0208F0}.Release|Any CPU.ActiveCfg = Release|Any CPU
		{F142B28A-386C-4190-A18E-9D68BF0208F0}.Release|Any CPU.Build.0 = Release|Any CPU
	EndGlobalSection
	GlobalSection(SolutionProperties) = preSolution
		HideSolutionNode = FALSE
	EndGlobalSection
	GlobalSection(ExtensibilityGlobals) = postSolution
		SolutionGuid = {3DA3D275-5A7F-408F-A99E-5B7991D7024F}
	EndGlobalSection
EndGlobal
