
Microsoft Visual Studio Solution File, Format Version 12.00
# Visual Studio Version 17
VisualStudioVersion = 17.6.33723.286
MinimumVisualStudioVersion = 10.0.40219.1
Project("{FAE04EC0-301F-11D3-BF4B-00C04F79EFBC}") = "hashmap_repeated_word_Code", "hashmap_repeated_word_Code.csproj", "{2F41A5BE-975A-4C8C-9D2E-3EF6639955A4}"
EndProject
Project("{FAE04EC0-301F-11D3-BF4B-00C04F79EFBC}") = "TestProject", "..\TestProject\TestProject.csproj", "{756512BC-E1CC-472D-8DED-E63001459B83}"
EndProject
Global
	GlobalSection(SolutionConfigurationPlatforms) = preSolution
		Debug|Any CPU = Debug|Any CPU
		Release|Any CPU = Release|Any CPU
	EndGlobalSection
	GlobalSection(ProjectConfigurationPlatforms) = postSolution
		{2F41A5BE-975A-4C8C-9D2E-3EF6639955A4}.Debug|Any CPU.ActiveCfg = Debug|Any CPU
		{2F41A5BE-975A-4C8C-9D2E-3EF6639955A4}.Debug|Any CPU.Build.0 = Debug|Any CPU
		{2F41A5BE-975A-4C8C-9D2E-3EF6639955A4}.Release|Any CPU.ActiveCfg = Release|Any CPU
		{2F41A5BE-975A-4C8C-9D2E-3EF6639955A4}.Release|Any CPU.Build.0 = Release|Any CPU
		{756512BC-E1CC-472D-8DED-E63001459B83}.Debug|Any CPU.ActiveCfg = Debug|Any CPU
		{756512BC-E1CC-472D-8DED-E63001459B83}.Debug|Any CPU.Build.0 = Debug|Any CPU
		{756512BC-E1CC-472D-8DED-E63001459B83}.Release|Any CPU.ActiveCfg = Release|Any CPU
		{756512BC-E1CC-472D-8DED-E63001459B83}.Release|Any CPU.Build.0 = Release|Any CPU
	EndGlobalSection
	GlobalSection(SolutionProperties) = preSolution
		HideSolutionNode = FALSE
	EndGlobalSection
	GlobalSection(ExtensibilityGlobals) = postSolution
		SolutionGuid = {D0BDC87C-A2C8-47BF-A6BF-472EF8A13CE0}
	EndGlobalSection
EndGlobal
