
Microsoft Visual Studio Solution File, Format Version 12.00
# Visual Studio Version 17
VisualStudioVersion = 17.6.33723.286
MinimumVisualStudioVersion = 10.0.40219.1
Project("{FAE04EC0-301F-11D3-BF4B-00C04F79EFBC}") = "Challenge12Code", "Challenge12Code.csproj", "{E1BF0CE2-19CB-4E42-944F-5723DAEF9F15}"
EndProject
Project("{FAE04EC0-301F-11D3-BF4B-00C04F79EFBC}") = "Challenge12Tests", "..\Challenge12Tests\Challenge12Tests.csproj", "{D908CCB0-333B-4FAD-85A6-194866E3613B}"
EndProject
Global
	GlobalSection(SolutionConfigurationPlatforms) = preSolution
		Debug|Any CPU = Debug|Any CPU
		Release|Any CPU = Release|Any CPU
	EndGlobalSection
	GlobalSection(ProjectConfigurationPlatforms) = postSolution
		{E1BF0CE2-19CB-4E42-944F-5723DAEF9F15}.Debug|Any CPU.ActiveCfg = Debug|Any CPU
		{E1BF0CE2-19CB-4E42-944F-5723DAEF9F15}.Debug|Any CPU.Build.0 = Debug|Any CPU
		{E1BF0CE2-19CB-4E42-944F-5723DAEF9F15}.Release|Any CPU.ActiveCfg = Release|Any CPU
		{E1BF0CE2-19CB-4E42-944F-5723DAEF9F15}.Release|Any CPU.Build.0 = Release|Any CPU
		{D908CCB0-333B-4FAD-85A6-194866E3613B}.Debug|Any CPU.ActiveCfg = Debug|Any CPU
		{D908CCB0-333B-4FAD-85A6-194866E3613B}.Debug|Any CPU.Build.0 = Debug|Any CPU
		{D908CCB0-333B-4FAD-85A6-194866E3613B}.Release|Any CPU.ActiveCfg = Release|Any CPU
		{D908CCB0-333B-4FAD-85A6-194866E3613B}.Release|Any CPU.Build.0 = Release|Any CPU
	EndGlobalSection
	GlobalSection(SolutionProperties) = preSolution
		HideSolutionNode = FALSE
	EndGlobalSection
	GlobalSection(ExtensibilityGlobals) = postSolution
		SolutionGuid = {BA5E296C-1A92-412F-AF70-D132E55D3F78}
	EndGlobalSection
EndGlobal
